
Microsoft Visual Studio Solution File, Format Version 12.00
# Visual Studio Version 17
VisualStudioVersion = 17.0.31903.59
MinimumVisualStudioVersion = 10.0.40219.1
Project("{FAE04EC0-301F-11D3-BF4B-00C04F79EFBC}") = "StaffManagement.API", "StaffManagement.API\StaffManagement.API\StaffManagement.API.csproj", "{9800F06D-90E4-F434-9A7F-51137738E616}"
EndProject
Project("{FAE04EC0-301F-11D3-BF4B-00C04F79EFBC}") = "StaffManagement.MVC", "StaffManagement.MVC\StaffManagement.MVC.csproj", "{BEC08021-0CCE-A02E-2204-76D76684F3B4}"
EndProject
Project("{2150E333-8FDC-42A3-9474-1A3956D46DE8}") = "src", "src", "{02EA681E-C7D8-13C7-8484-4AC65E1B71E8}"
EndProject
Project("{2150E333-8FDC-42A3-9474-1A3956D46DE8}") = "tests", "tests", "{E7192ADD-8E39-465D-BEC9-3C6B06BCE6B1}"
EndProject
Project("{FAE04EC0-301F-11D3-BF4B-00C04F79EFBC}") = "StaffManagement.UnitTests", "StaffManagement.UnitTests\StaffManagement.UnitTests.csproj", "{625F875F-B113-7502-301B-6303570E73B9}"
EndProject
Project("{FAE04EC0-301F-11D3-BF4B-00C04F79EFBC}") = "StaffManagement.IntegrationTestsV1", "StaffManagement.IntegrationTests\StaffManagement.IntegrationTestsV1.csproj", "{0222E7CE-EBBF-C867-EBD0-DE561F33984B}"
EndProject
Project("{FAE04EC0-301F-11D3-BF4B-00C04F79EFBC}") = "StaffManagement.EndToEndTests", "StaffManagement.EndToEndTests\StaffManagement.EndToEndTests.csproj", "{FDD2EE12-0782-80EF-089D-8B7DB8240E9A}"
EndProject
Global
	GlobalSection(SolutionConfigurationPlatforms) = preSolution
		Debug|Any CPU = Debug|Any CPU
		Release|Any CPU = Release|Any CPU
	EndGlobalSection
	GlobalSection(ProjectConfigurationPlatforms) = postSolution
		{9800F06D-90E4-F434-9A7F-51137738E616}.Debug|Any CPU.ActiveCfg = Debug|Any CPU
		{9800F06D-90E4-F434-9A7F-51137738E616}.Debug|Any CPU.Build.0 = Debug|Any CPU
		{9800F06D-90E4-F434-9A7F-51137738E616}.Release|Any CPU.ActiveCfg = Release|Any CPU
		{9800F06D-90E4-F434-9A7F-51137738E616}.Release|Any CPU.Build.0 = Release|Any CPU
		{BEC08021-0CCE-A02E-2204-76D76684F3B4}.Debug|Any CPU.ActiveCfg = Debug|Any CPU
		{BEC08021-0CCE-A02E-2204-76D76684F3B4}.Debug|Any CPU.Build.0 = Debug|Any CPU
		{BEC08021-0CCE-A02E-2204-76D76684F3B4}.Release|Any CPU.ActiveCfg = Release|Any CPU
		{BEC08021-0CCE-A02E-2204-76D76684F3B4}.Release|Any CPU.Build.0 = Release|Any CPU
		{625F875F-B113-7502-301B-6303570E73B9}.Debug|Any CPU.ActiveCfg = Debug|Any CPU
		{625F875F-B113-7502-301B-6303570E73B9}.Debug|Any CPU.Build.0 = Debug|Any CPU
		{625F875F-B113-7502-301B-6303570E73B9}.Release|Any CPU.ActiveCfg = Release|Any CPU
		{625F875F-B113-7502-301B-6303570E73B9}.Release|Any CPU.Build.0 = Release|Any CPU
		{0222E7CE-EBBF-C867-EBD0-DE561F33984B}.Debug|Any CPU.ActiveCfg = Debug|Any CPU
		{0222E7CE-EBBF-C867-EBD0-DE561F33984B}.Debug|Any CPU.Build.0 = Debug|Any CPU
		{0222E7CE-EBBF-C867-EBD0-DE561F33984B}.Release|Any CPU.ActiveCfg = Release|Any CPU
		{0222E7CE-EBBF-C867-EBD0-DE561F33984B}.Release|Any CPU.Build.0 = Release|Any CPU
		{FDD2EE12-0782-80EF-089D-8B7DB8240E9A}.Debug|Any CPU.ActiveCfg = Debug|Any CPU
		{FDD2EE12-0782-80EF-089D-8B7DB8240E9A}.Debug|Any CPU.Build.0 = Debug|Any CPU
		{FDD2EE12-0782-80EF-089D-8B7DB8240E9A}.Release|Any CPU.ActiveCfg = Release|Any CPU
		{FDD2EE12-0782-80EF-089D-8B7DB8240E9A}.Release|Any CPU.Build.0 = Release|Any CPU
	EndGlobalSection
	GlobalSection(SolutionProperties) = preSolution
		HideSolutionNode = FALSE
	EndGlobalSection
	GlobalSection(NestedProjects) = preSolution
		{9800F06D-90E4-F434-9A7F-51137738E616} = {02EA681E-C7D8-13C7-8484-4AC65E1B71E8}
		{BEC08021-0CCE-A02E-2204-76D76684F3B4} = {02EA681E-C7D8-13C7-8484-4AC65E1B71E8}
		{625F875F-B113-7502-301B-6303570E73B9} = {E7192ADD-8E39-465D-BEC9-3C6B06BCE6B1}
		{0222E7CE-EBBF-C867-EBD0-DE561F33984B} = {E7192ADD-8E39-465D-BEC9-3C6B06BCE6B1}
		{FDD2EE12-0782-80EF-089D-8B7DB8240E9A} = {E7192ADD-8E39-465D-BEC9-3C6B06BCE6B1}
	EndGlobalSection
EndGlobal
